
Microsoft Visual Studio Solution File, Format Version 12.00
# Visual Studio Version 16
VisualStudioVersion = 16.0.31702.278
MinimumVisualStudioVersion = 10.0.40219.1
Project("{FAE04EC0-301F-11D3-BF4B-00C04F79EFBC}") = "MDIProjektPrototyp", "MDIProjektPrototyp.csproj", "{125DC3D5-9B71-4121-B4D0-4824F5A34D1C}"
EndProject
Global
	GlobalSection(SolutionConfigurationPlatforms) = preSolution
		Debug|Any CPU = Debug|Any CPU
		Release|Any CPU = Release|Any CPU
	EndGlobalSection
	GlobalSection(ProjectConfigurationPlatforms) = postSolution
		{125DC3D5-9B71-4121-B4D0-4824F5A34D1C}.Debug|Any CPU.ActiveCfg = Debug|Any CPU
		{125DC3D5-9B71-4121-B4D0-4824F5A34D1C}.Debug|Any CPU.Build.0 = Debug|Any CPU
		{125DC3D5-9B71-4121-B4D0-4824F5A34D1C}.Release|Any CPU.ActiveCfg = Release|Any CPU
		{125DC3D5-9B71-4121-B4D0-4824F5A34D1C}.Release|Any CPU.Build.0 = Release|Any CPU
	EndGlobalSection
	GlobalSection(SolutionProperties) = preSolution
		HideSolutionNode = FALSE
	EndGlobalSection
	GlobalSection(ExtensibilityGlobals) = postSolution
		SolutionGuid = {BAF2AF6A-B8EE-46C7-ABF5-7657BBF04BC0}
	EndGlobalSection
EndGlobal
